
Microsoft Visual Studio Solution File, Format Version 12.00
# Visual Studio 2013
VisualStudioVersion = 12.0.40629.0
MinimumVisualStudioVersion = 10.0.40219.1
Project("{FAE04EC0-301F-11D3-BF4B-00C04F79EFBC}") = "Helper", "Helper\Helper.csproj", "{0B77103F-1499-4ECC-80A9-EBDCBDBF861C}"
EndProject
Project("{FAE04EC0-301F-11D3-BF4B-00C04F79EFBC}") = "TestClass", "TestClass\TestClass.csproj", "{D9A2DA00-364C-4D06-822D-878032D16D5A}"
EndProject
Project("{FAE04EC0-301F-11D3-BF4B-00C04F79EFBC}") = "MvcWeb", "MvcWeb\MvcWeb.csproj", "{3C06AA97-085C-4689-9CC0-482F9D59D3F0}"
EndProject
Project("{FAE04EC0-301F-11D3-BF4B-00C04F79EFBC}") = "EmptyMVC", "EmptyMVC\EmptyMVC.csproj", "{0FFEA87B-0DB1-486A-BB4C-F3623D8B3050}"
EndProject
Project("{FAE04EC0-301F-11D3-BF4B-00C04F79EFBC}") = "EF", "EF\EF.csproj", "{6FF3A4E0-3A26-48C3-AC9A-67CD4A908780}"
EndProject
Project("{FAE04EC0-301F-11D3-BF4B-00C04F79EFBC}") = "JsFramework", "JsFramework\JsFramework.csproj", "{DD4C9087-6740-42E6-8E73-AE06467B156E}"
EndProject
Project("{FAE04EC0-301F-11D3-BF4B-00C04F79EFBC}") = "CodeGeneration", "CodeGeneration\CodeGeneration.csproj", "{36B32938-B7AA-484B-A02D-2D905E4A5BC8}"
EndProject
Global
	GlobalSection(SolutionConfigurationPlatforms) = preSolution
		Debug|Any CPU = Debug|Any CPU
		Release|Any CPU = Release|Any CPU
	EndGlobalSection
	GlobalSection(ProjectConfigurationPlatforms) = postSolution
		{0B77103F-1499-4ECC-80A9-EBDCBDBF861C}.Debug|Any CPU.ActiveCfg = Debug|Any CPU
		{0B77103F-1499-4ECC-80A9-EBDCBDBF861C}.Debug|Any CPU.Build.0 = Debug|Any CPU
		{0B77103F-1499-4ECC-80A9-EBDCBDBF861C}.Release|Any CPU.ActiveCfg = Release|Any CPU
		{0B77103F-1499-4ECC-80A9-EBDCBDBF861C}.Release|Any CPU.Build.0 = Release|Any CPU
		{D9A2DA00-364C-4D06-822D-878032D16D5A}.Debug|Any CPU.ActiveCfg = Debug|Any CPU
		{D9A2DA00-364C-4D06-822D-878032D16D5A}.Debug|Any CPU.Build.0 = Debug|Any CPU
		{D9A2DA00-364C-4D06-822D-878032D16D5A}.Release|Any CPU.ActiveCfg = Release|Any CPU
		{D9A2DA00-364C-4D06-822D-878032D16D5A}.Release|Any CPU.Build.0 = Release|Any CPU
		{3C06AA97-085C-4689-9CC0-482F9D59D3F0}.Debug|Any CPU.ActiveCfg = Debug|Any CPU
		{3C06AA97-085C-4689-9CC0-482F9D59D3F0}.Debug|Any CPU.Build.0 = Debug|Any CPU
		{3C06AA97-085C-4689-9CC0-482F9D59D3F0}.Release|Any CPU.ActiveCfg = Release|Any CPU
		{3C06AA97-085C-4689-9CC0-482F9D59D3F0}.Release|Any CPU.Build.0 = Release|Any CPU
		{0FFEA87B-0DB1-486A-BB4C-F3623D8B3050}.Debug|Any CPU.ActiveCfg = Debug|Any CPU
		{0FFEA87B-0DB1-486A-BB4C-F3623D8B3050}.Debug|Any CPU.Build.0 = Debug|Any CPU
		{0FFEA87B-0DB1-486A-BB4C-F3623D8B3050}.Release|Any CPU.ActiveCfg = Release|Any CPU
		{0FFEA87B-0DB1-486A-BB4C-F3623D8B3050}.Release|Any CPU.Build.0 = Release|Any CPU
		{6FF3A4E0-3A26-48C3-AC9A-67CD4A908780}.Debug|Any CPU.ActiveCfg = Debug|Any CPU
		{6FF3A4E0-3A26-48C3-AC9A-67CD4A908780}.Debug|Any CPU.Build.0 = Debug|Any CPU
		{6FF3A4E0-3A26-48C3-AC9A-67CD4A908780}.Release|Any CPU.ActiveCfg = Release|Any CPU
		{6FF3A4E0-3A26-48C3-AC9A-67CD4A908780}.Release|Any CPU.Build.0 = Release|Any CPU
		{DD4C9087-6740-42E6-8E73-AE06467B156E}.Debug|Any CPU.ActiveCfg = Debug|Any CPU
		{DD4C9087-6740-42E6-8E73-AE06467B156E}.Debug|Any CPU.Build.0 = Debug|Any CPU
		{DD4C9087-6740-42E6-8E73-AE06467B156E}.Release|Any CPU.ActiveCfg = Release|Any CPU
		{DD4C9087-6740-42E6-8E73-AE06467B156E}.Release|Any CPU.Build.0 = Release|Any CPU
		{36B32938-B7AA-484B-A02D-2D905E4A5BC8}.Debug|Any CPU.ActiveCfg = Debug|Any CPU
		{36B32938-B7AA-484B-A02D-2D905E4A5BC8}.Debug|Any CPU.Build.0 = Debug|Any CPU
		{36B32938-B7AA-484B-A02D-2D905E4A5BC8}.Release|Any CPU.ActiveCfg = Release|Any CPU
		{36B32938-B7AA-484B-A02D-2D905E4A5BC8}.Release|Any CPU.Build.0 = Release|Any CPU
	EndGlobalSection
	GlobalSection(SolutionProperties) = preSolution
		HideSolutionNode = FALSE
	EndGlobalSection
	GlobalSection(ExtensibilityGlobals) = postSolution
		SolutionGuid = {E2457F6D-5CAD-4B5B-9032-5AFA07CEF140}
	EndGlobalSection
EndGlobal
